# THIS IS AN AUTOGENERATED FILE. DO NOT EDIT THIS FILE DIRECTLY.
# yarn lockfile v1


"@babel/parser@^7.24.7":
  version "7.24.8"
  resolved "https://registry.npmjs.org/@babel/parser/-/parser-7.24.8.tgz"
  integrity sha512-WzfbgXOkGzZiXXCqk43kKwZjzwx4oulxZi3nq2TYL9mOjQv6kYwul9mz6ID36njuL7Xkp6nJEfok848Zj10j/w==

"@esbuild/linux-x64@0.21.5":
  version "0.21.5"
  resolved "https://registry.npmjs.org/@esbuild/linux-x64/-/linux-x64-0.21.5.tgz"
  integrity sha512-1rYdTpyv03iycF1+BhzrzQJCdOuAOtaqHTWJZCWvijKD2N5Xu0TtVC8/+1faWqcP9iBCWOmjmhoH94dH82BxPQ==

"@intlify/core-base@9.13.1":
  version "9.13.1"
  resolved "https://registry.npmjs.org/@intlify/core-base/-/core-base-9.13.1.tgz"
  integrity sha512-+bcQRkJO9pcX8d0gel9ZNfrzU22sZFSA0WVhfXrf5jdJOS24a+Bp8pozuS9sBI9Hk/tGz83pgKfmqcn/Ci7/8w==
  dependencies:
    "@intlify/message-compiler" "9.13.1"
    "@intlify/shared" "9.13.1"

"@intlify/message-compiler@9.13.1":
  version "9.13.1"
  resolved "https://registry.npmjs.org/@intlify/message-compiler/-/message-compiler-9.13.1.tgz"
  integrity sha512-SKsVa4ajYGBVm7sHMXd5qX70O2XXjm55zdZB3VeMFCvQyvLew/dLvq3MqnaIsTMF1VkkOb9Ttr6tHcMlyPDL9w==
  dependencies:
    "@intlify/shared" "9.13.1"
    source-map-js "^1.0.2"

"@intlify/shared@9.13.1":
  version "9.13.1"
  resolved "https://registry.npmjs.org/@intlify/shared/-/shared-9.13.1.tgz"
  integrity sha512-u3b6BKGhE6j/JeRU6C/RL2FgyJfy6LakbtfeVF8fJXURpZZTzfh3e05J0bu0XPw447Q6/WUp3C4ajv4TMS4YsQ==

"@jridgewell/sourcemap-codec@^1.4.15":
  version "1.5.0"
  resolved "https://registry.npmjs.org/@jridgewell/sourcemap-codec/-/sourcemap-codec-1.5.0.tgz"
  integrity sha512-gv3ZRaISU3fjPAgNsriBRqGWQL6quFx04YMPW/zD8XMLsU32mhCCbfbO6KZFLjvYpCZ8zyDEgqsgf+PwPaM7GQ==

"@rollup/rollup-linux-x64-gnu@4.18.1":
  version "4.18.1"
  resolved "https://registry.npmjs.org/@rollup/rollup-linux-x64-gnu/-/rollup-linux-x64-gnu-4.18.1.tgz"
  integrity sha512-7O5u/p6oKUFYjRbZkL2FLbwsyoJAjyeXHCU3O4ndvzg2OFO2GinFPSJFGbiwFDaCFc+k7gs9CF243PwdPQFh5g==

"@rollup/rollup-linux-x64-musl@4.18.1":
  version "4.18.1"
  resolved "https://registry.npmjs.org/@rollup/rollup-linux-x64-musl/-/rollup-linux-x64-musl-4.18.1.tgz"
  integrity sha512-pDLkYITdYrH/9Cv/Vlj8HppDuLMDUBmgsM0+N+xLtFd18aXgM9Nyqupb/Uw+HeidhfYg2lD6CXvz6CjoVOaKjQ==

"@sentry-internal/browser-utils@8.22.0":
  version "8.22.0"
  resolved "https://registry.npmjs.org/@sentry-internal/browser-utils/-/browser-utils-8.22.0.tgz"
  integrity sha512-R0u8KPaSivueIwUOhmYxcisKaJq3gx+I0xOcWoluDB3OI1Ds/QOSP/vmTsMg/mjwG/nUJ8RRM8pj0s8vlqCrjg==
  dependencies:
    "@sentry/core" "8.22.0"
    "@sentry/types" "8.22.0"
    "@sentry/utils" "8.22.0"

"@sentry-internal/feedback@8.22.0":
  version "8.22.0"
  resolved "https://registry.npmjs.org/@sentry-internal/feedback/-/feedback-8.22.0.tgz"
  integrity sha512-Sy2+v0xBmVnZ5LQ48603CvLy5vVQvAZ+hc9xQSAHexts07NkvApMU1qv26YNwxlAWfDha1wXiW6ryd4YDzaoVA==
  dependencies:
    "@sentry/core" "8.22.0"
    "@sentry/types" "8.22.0"
    "@sentry/utils" "8.22.0"

"@sentry-internal/replay-canvas@8.22.0":
  version "8.22.0"
  resolved "https://registry.npmjs.org/@sentry-internal/replay-canvas/-/replay-canvas-8.22.0.tgz"
  integrity sha512-/gV8qN3JqWw0LXTMuCGB8RDI8Bx1VESNRBdh/7Cmc5+hxYBfcketuix3S8mHWcE/JO+Ed9g1Abzys6GphTB9LA==
  dependencies:
    "@sentry-internal/replay" "8.22.0"
    "@sentry/core" "8.22.0"
    "@sentry/types" "8.22.0"
    "@sentry/utils" "8.22.0"

"@sentry-internal/replay@8.22.0":
  version "8.22.0"
  resolved "https://registry.npmjs.org/@sentry-internal/replay/-/replay-8.22.0.tgz"
  integrity sha512-sF8RyMPJP1fSIyyBDAbtybvKCu0dy8ZAfMwLP7ZqEnWrhZqktVuqM7/++EAFMlD5YaWJXm1IDuOXjgSQjUtSIQ==
  dependencies:
    "@sentry-internal/browser-utils" "8.22.0"
    "@sentry/core" "8.22.0"
    "@sentry/types" "8.22.0"
    "@sentry/utils" "8.22.0"

"@sentry/browser@8.22.0":
  version "8.22.0"
  resolved "https://registry.npmjs.org/@sentry/browser/-/browser-8.22.0.tgz"
  integrity sha512-t3b+/9WWcP9SQTWwrHrB57B33ENgmUjyFlW2+JSlCXkSJBSmAoquPZ/GPjOuPaSr3HIA0mu9uEr4A41d5diASQ==
  dependencies:
    "@sentry-internal/browser-utils" "8.22.0"
    "@sentry-internal/feedback" "8.22.0"
    "@sentry-internal/replay" "8.22.0"
    "@sentry-internal/replay-canvas" "8.22.0"
    "@sentry/core" "8.22.0"
    "@sentry/types" "8.22.0"
    "@sentry/utils" "8.22.0"

"@sentry/core@8.22.0":
  version "8.22.0"
  resolved "https://registry.npmjs.org/@sentry/core/-/core-8.22.0.tgz"
  integrity sha512-fYPnxp7UkY2tckaOtivIySxnJvlbekuxs+Qi6rkUv9JpF+TYKpt7OPNUAbgVIhS0xazAEN6iKTfmnmpUbFRLmQ==
  dependencies:
    "@sentry/types" "8.22.0"
    "@sentry/utils" "8.22.0"

"@sentry/types@8.22.0":
  version "8.22.0"
  resolved "https://registry.npmjs.org/@sentry/types/-/types-8.22.0.tgz"
  integrity sha512-1MLK3xO+uF2oJaa+M98aLIrQsEHzV7xnVWPfE3MhejYLNQebj4rQnQKTut/xZNIF9W0Q+bRcakLarC3ce2a74g==

"@sentry/utils@8.22.0":
  version "8.22.0"
  resolved "https://registry.npmjs.org/@sentry/utils/-/utils-8.22.0.tgz"
  integrity sha512-0ITG2+3EtyMtyc/nQG8aB9z9eIQ4L43nM/KuNgYSnM1vPl/zegbaLT0Ek/xkQB1OLIOLkEPQ6x9GWe+248/n3g==
  dependencies:
    "@sentry/types" "8.22.0"

"@sentry/vue@^8.20.0":
  version "8.22.0"
  resolved "https://registry.npmjs.org/@sentry/vue/-/vue-8.22.0.tgz"
  integrity sha512-oqjy1t5Gy3ZtLleXB3cBnir2qyxO81SNNmaDmAwbCcRq3+4MZpuV+MX/l9A9ftsuTw030ULQQOYaw2dmLoI3DA==
  dependencies:
    "@sentry/browser" "8.22.0"
    "@sentry/core" "8.22.0"
    "@sentry/types" "8.22.0"
    "@sentry/utils" "8.22.0"

"@types/estree@1.0.5":
  version "1.0.5"
  resolved "https://registry.npmjs.org/@types/estree/-/estree-1.0.5.tgz"
  integrity sha512-/kYRxGDLWzHOB7q+wtSUQlFrtcdUccpfy+X+9iMBpHK8QLLhx2wIPYuS5DYtR9Wa/YlZAbIovy7qVdB1Aq6Lyw==

"@vitejs/plugin-vue@^5.0.5":
  version "5.0.5"
  resolved "https://registry.npmjs.org/@vitejs/plugin-vue/-/plugin-vue-5.0.5.tgz"
  integrity sha512-LOjm7XeIimLBZyzinBQ6OSm3UBCNVCpLkxGC0oWmm2YPzVZoxMsdvNVimLTBzpAnR9hl/yn1SHGuRfe6/Td9rQ==

"@vue/compiler-core@3.4.32":
  version "3.4.32"
  resolved "https://registry.npmjs.org/@vue/compiler-core/-/compiler-core-3.4.32.tgz"
  integrity sha512-8tCVWkkLe/QCWIsrIvExUGnhYCAOroUs5dzhSoKL5w4MJS8uIYiou+pOPSVIOALOQ80B0jBs+Ri+kd5+MBnCDw==
  dependencies:
    "@babel/parser" "^7.24.7"
    "@vue/shared" "3.4.32"
    entities "^4.5.0"
    estree-walker "^2.0.2"
    source-map-js "^1.2.0"

"@vue/compiler-dom@3.4.32":
  version "3.4.32"
  resolved "https://registry.npmjs.org/@vue/compiler-dom/-/compiler-dom-3.4.32.tgz"
  integrity sha512-PbSgt9KuYo4fyb90dynuPc0XFTfFPs3sCTbPLOLlo+PrUESW1gn/NjSsUvhR+mI2AmmEzexwYMxbHDldxSOr2A==
  dependencies:
    "@vue/compiler-core" "3.4.32"
    "@vue/shared" "3.4.32"

"@vue/compiler-sfc@3.4.32":
  version "3.4.32"
  resolved "https://registry.npmjs.org/@vue/compiler-sfc/-/compiler-sfc-3.4.32.tgz"
  integrity sha512-STy9im/WHfaguJnfKjjVpMHukxHUrOKjm2vVCxiojQJyo3Sb6Os8SMXBr/MI+ekpstEGkDONfqAQoSbZhspLYw==
  dependencies:
    "@babel/parser" "^7.24.7"
    "@vue/compiler-core" "3.4.32"
    "@vue/compiler-dom" "3.4.32"
    "@vue/compiler-ssr" "3.4.32"
    "@vue/shared" "3.4.32"
    estree-walker "^2.0.2"
    magic-string "^0.30.10"
    postcss "^8.4.39"
    source-map-js "^1.2.0"

"@vue/compiler-ssr@3.4.32":
  version "3.4.32"
  resolved "https://registry.npmjs.org/@vue/compiler-ssr/-/compiler-ssr-3.4.32.tgz"
  integrity sha512-nyu/txTecF6DrxLrpLcI34xutrvZPtHPBj9yRoPxstIquxeeyywXpYZrQMsIeDfBhlw1abJb9CbbyZvDw2kjdg==
  dependencies:
    "@vue/compiler-dom" "3.4.32"
    "@vue/shared" "3.4.32"

"@vue/devtools-api@^6.5.0", "@vue/devtools-api@^6.5.1":
  version "6.6.3"
  resolved "https://registry.npmjs.org/@vue/devtools-api/-/devtools-api-6.6.3.tgz"
  integrity sha512-0MiMsFma/HqA6g3KLKn+AGpL1kgKhFWszC9U29NfpWK5LE7bjeXxySWJrOJ77hBz+TBrBQ7o4QJqbPbqbs8rJw==

"@vue/reactivity@3.4.32":
  version "3.4.32"
  resolved "https://registry.npmjs.org/@vue/reactivity/-/reactivity-3.4.32.tgz"
  integrity sha512-1P7QvghAzhSIWmiNmh4MNkLVjr2QTNDcFv2sKmytEWhR6t7BZzNicgm5ENER4uU++wbWxgRh/pSEYgdI3MDcvg==
  dependencies:
    "@vue/shared" "3.4.32"

"@vue/runtime-core@3.4.32":
  version "3.4.32"
  resolved "https://registry.npmjs.org/@vue/runtime-core/-/runtime-core-3.4.32.tgz"
  integrity sha512-FxT2dTHUs1Hki8Ui/B1Hu339mx4H5kRJooqrNM32tGUHBPStJxwMzLIRbeGO/B1NMplU4Pg9fwOqrJtrOzkdfA==
  dependencies:
    "@vue/reactivity" "3.4.32"
    "@vue/shared" "3.4.32"

"@vue/runtime-dom@3.4.32":
  version "3.4.32"
  resolved "https://registry.npmjs.org/@vue/runtime-dom/-/runtime-dom-3.4.32.tgz"
  integrity sha512-Xz9G+ZViRyPFQtRBCPFkhMzKn454ihCPMKUiacNaUhuTIXvyfkAq8l89IZ/kegFVyw/7KkJGRGqYdEZrf27Xsg==
  dependencies:
    "@vue/reactivity" "3.4.32"
    "@vue/runtime-core" "3.4.32"
    "@vue/shared" "3.4.32"
    csstype "^3.1.3"

"@vue/server-renderer@3.4.32":
  version "3.4.32"
  resolved "https://registry.npmjs.org/@vue/server-renderer/-/server-renderer-3.4.32.tgz"
  integrity sha512-3c4rd0522Ao8hKjzgmUAbcjv2mBnvnw0Ld2f8HOMCuWJZjYie/p8cpIoYJbeP0VV2JYmrJJMwGQDO5RH4iQ30A==
  dependencies:
    "@vue/compiler-ssr" "3.4.32"
    "@vue/shared" "3.4.32"

"@vue/shared@3.4.32":
  version "3.4.32"
  resolved "https://registry.npmjs.org/@vue/shared/-/shared-3.4.32.tgz"
  integrity sha512-ep4mF1IVnX/pYaNwxwOpJHyBtOMKWoKZMbnUyd+z0udqIxLUh7YCCd/JfDna8aUrmnG9SFORyIq2HzEATRrQsg==

"@vueform/toggle@^2.1.4":
  version "2.1.4"
  resolved "https://registry.npmjs.org/@vueform/toggle/-/toggle-2.1.4.tgz"
  integrity sha512-tEITFf5wlqIWoCYZXJdoXvCnrc97weOu2csR/BEoROVvFu1zRsoK0wY1pJG7BR+g5zpGJneGSdLhMUsbx8y1yw==

"@wmcmurray/game-loop-js@^1.0.0":
  version "1.0.0"
  resolved "https://registry.npmjs.org/@wmcmurray/game-loop-js/-/game-loop-js-1.0.0.tgz"
  integrity sha512-MqLWtY2TYHa9iFElVeKSy6Sg+r/G4p0UTdlqqs/6zG8fFv5bp3QIegERncfvkp0ffiE97Gw2e1s01OxZzQLeDQ==

anymatch@~3.1.2:
  version "3.1.3"
  resolved "https://registry.npmjs.org/anymatch/-/anymatch-3.1.3.tgz"
  integrity sha512-KMReFUr0B4t+D+OBkjR3KYqvocp2XaSzO55UcB6mgQMd3KbcE+mWTyvVV7D/zsdEbNnV6acZUutkiHQXvTr1Rw==
  dependencies:
    normalize-path "^3.0.0"
    picomatch "^2.0.4"

asynckit@^0.4.0:
  version "0.4.0"
  resolved "https://registry.npmjs.org/asynckit/-/asynckit-0.4.0.tgz"
  integrity sha512-Oei9OH4tRh0YqU3GxhX79dM/mwVgvbZJaSNaRk+bshkj0S5cfHcgYakreBjrHwatXKbz+IoIdYLxrKim2MjW0Q==

axios@^1.7.2:
  version "1.7.2"
  resolved "https://registry.npmjs.org/axios/-/axios-1.7.2.tgz"
  integrity sha512-2A8QhOMrbomlDuiLeK9XibIBzuHeRcqqNOHp0Cyp5EoJ1IFDh+XZH3A6BkXtv0K4gFGCI0Y4BM7B1wOEi0Rmgw==
  dependencies:
    follow-redirects "^1.15.6"
    form-data "^4.0.0"
    proxy-from-env "^1.1.0"

binary-extensions@^2.0.0:
  version "2.3.0"
  resolved "https://registry.npmjs.org/binary-extensions/-/binary-extensions-2.3.0.tgz"
  integrity sha512-Ceh+7ox5qe7LJuLHoY0feh3pHuUDHAcRUeyL2VYghZwfpkNIy/+8Ocg0a3UuSoYzavmylwuLWQOf3hl0jjMMIw==

braces@~3.0.2:
  version "3.0.3"
  resolved "https://registry.npmjs.org/braces/-/braces-3.0.3.tgz"
  integrity sha512-yQbXgO/OSZVD2IsiLlro+7Hf6Q18EJrKSEsdoMzKePKXct3gvD8oLcOQdIzGupr5Fj+EDe8gO/lxc1BzfMpxvA==
  dependencies:
    fill-range "^7.1.1"

canvas-confetti@^1.9.3:
  version "1.9.3"
  resolved "https://registry.npmjs.org/canvas-confetti/-/canvas-confetti-1.9.3.tgz"
  integrity sha512-rFfTURMvmVEX1gyXFgn5QMn81bYk70qa0HLzcIOSVEyl57n6o9ItHeBtUSWdvKAPY0xlvBHno4/v3QPrT83q9g==

"chokidar@>=3.0.0 <4.0.0":
  version "3.6.0"
  resolved "https://registry.npmjs.org/chokidar/-/chokidar-3.6.0.tgz"
  integrity sha512-7VT13fmjotKpGipCW9JEQAusEPE+Ei8nl6/g4FBAmIm0GOOLMua9NDDo/DWp0ZAxCr3cPq5ZpBqmPAQgDda2Pw==
  dependencies:
    anymatch "~3.1.2"
    braces "~3.0.2"
    glob-parent "~5.1.2"
    is-binary-path "~2.1.0"
    is-glob "~4.0.1"
    normalize-path "~3.0.0"
    readdirp "~3.6.0"
  optionalDependencies:
    fsevents "~2.3.2"

combined-stream@^1.0.8:
  version "1.0.8"
  resolved "https://registry.npmjs.org/combined-stream/-/combined-stream-1.0.8.tgz"
  integrity sha512-FQN4MRfuJeHf7cBbBMJFXhKSDq+2kAArBlmRBvcvFE5BB1HZKXtSFASDhdlz9zOYwxh8lDdnvmMOe/+5cdoEdg==
  dependencies:
    delayed-stream "~1.0.0"

compass-mixins@^0.12.12:
  version "0.12.12"
  resolved "https://registry.npmjs.org/compass-mixins/-/compass-mixins-0.12.12.tgz"
  integrity sha512-wlTxz4lsIv/3o+rdyBOTZpQFFJeWPCRlYClaEXcaFe6QrAJ5qibTAgH53LyjfGQL6mmebTfjVHM0hLsxjGj+fw==

csstype@^3.1.3:
  version "3.1.3"
  resolved "https://registry.npmjs.org/csstype/-/csstype-3.1.3.tgz"
  integrity sha512-M1uQkMl8rQK/szD0LNhtqxIPLpimGm8sOBwU7lLnCpSbTyY3yeU1Vc7l4KT5zT4s/yOxHH5O7tIuuLOCnLADRw==

debug@^4.3.4:
  version "4.3.6"
  resolved "https://registry.npmjs.org/debug/-/debug-4.3.6.tgz"
  integrity sha512-O/09Bd4Z1fBrU4VzkhFqVgpPzaGbw6Sm9FEkBT1A/YBXQFGuuSxa1dN2nxgxS34JmKXqYx8CZAwEVoJFImUXIg==
  dependencies:
    ms "2.1.2"

delayed-stream@~1.0.0:
  version "1.0.0"
  resolved "https://registry.npmjs.org/delayed-stream/-/delayed-stream-1.0.0.tgz"
  integrity sha512-ZySD7Nf91aLB0RxL4KGrKHBXl7Eds1DAmEdcoVawXnLD7SDhpNgtuII2aAkg7a7QS41jxPSZ17p4VdGnMHk3MQ==

entities@^4.5.0:
  version "4.5.0"
  resolved "https://registry.npmjs.org/entities/-/entities-4.5.0.tgz"
  integrity sha512-V0hjH4dGPh9Ao5p0MoRY6BVqtwCjhz6vI5LT8AJ55H+4g9/4vbHx1I54fS0XuclLhDHArPQCiMjDxjaL8fPxhw==

esbuild@^0.21.3:
  version "0.21.5"
  resolved "https://registry.npmjs.org/esbuild/-/esbuild-0.21.5.tgz"
  integrity sha512-mg3OPMV4hXywwpoDxu3Qda5xCKQi+vCTZq8S9J/EpkhB2HzKXq4SNFZE3+NK93JYxc8VMSep+lOUSC/RVKaBqw==
  optionalDependencies:
    "@esbuild/aix-ppc64" "0.21.5"
    "@esbuild/android-arm" "0.21.5"
    "@esbuild/android-arm64" "0.21.5"
    "@esbuild/android-x64" "0.21.5"
    "@esbuild/darwin-arm64" "0.21.5"
    "@esbuild/darwin-x64" "0.21.5"
    "@esbuild/freebsd-arm64" "0.21.5"
    "@esbuild/freebsd-x64" "0.21.5"
    "@esbuild/linux-arm" "0.21.5"
    "@esbuild/linux-arm64" "0.21.5"
    "@esbuild/linux-ia32" "0.21.5"
    "@esbuild/linux-loong64" "0.21.5"
    "@esbuild/linux-mips64el" "0.21.5"
    "@esbuild/linux-ppc64" "0.21.5"
    "@esbuild/linux-riscv64" "0.21.5"
    "@esbuild/linux-s390x" "0.21.5"
    "@esbuild/linux-x64" "0.21.5"
    "@esbuild/netbsd-x64" "0.21.5"
    "@esbuild/openbsd-x64" "0.21.5"
    "@esbuild/sunos-x64" "0.21.5"
    "@esbuild/win32-arm64" "0.21.5"
    "@esbuild/win32-ia32" "0.21.5"
    "@esbuild/win32-x64" "0.21.5"

estree-walker@^2.0.2:
  version "2.0.2"
  resolved "https://registry.npmjs.org/estree-walker/-/estree-walker-2.0.2.tgz"
  integrity sha512-Rfkk/Mp/DL7JVje3u18FxFujQlTNR2q6QfMSMB7AvCBx91NGj/ba3kCfza0f6dVDbw7YlRf/nDrn7pQrCCyQ/w==

fill-range@^7.1.1:
  version "7.1.1"
  resolved "https://registry.npmjs.org/fill-range/-/fill-range-7.1.1.tgz"
  integrity sha512-YsGpe3WHLK8ZYi4tWDg2Jy3ebRz2rXowDxnld4bkQB00cc/1Zw9AWnC0i9ztDJitivtQvaI9KaLyKrc+hBW0yg==
  dependencies:
    to-regex-range "^5.0.1"

follow-redirects@^1.15.6:
  version "1.15.6"
  resolved "https://registry.npmjs.org/follow-redirects/-/follow-redirects-1.15.6.tgz"
  integrity sha512-wWN62YITEaOpSK584EZXJafH1AGpO8RVgElfkuXbTOrPX4fIfOyEpW/CsiNd8JdYrAoOvafRTOEnvsO++qCqFA==

form-data@^4.0.0:
  version "4.0.0"
  resolved "https://registry.npmjs.org/form-data/-/form-data-4.0.0.tgz"
  integrity sha512-ETEklSGi5t0QMZuiXoA/Q6vcnxcLQP5vdugSpuAyi6SVGi2clPPp+xgEhuMaHC+zGgn31Kd235W35f7Hykkaww==
  dependencies:
    asynckit "^0.4.0"
    combined-stream "^1.0.8"
    mime-types "^2.1.12"

glob-parent@~5.1.2:
  version "5.1.2"
  resolved "https://registry.npmjs.org/glob-parent/-/glob-parent-5.1.2.tgz"
  integrity sha512-AOIgSQCepiJYwP3ARnGx+5VnTu2HBYdzbGP45eLw1vr3zB3vZLeyed1sC9hnbcOc9/SrMyM5RPQrkGz4aS9Zow==
  dependencies:
    is-glob "^4.0.1"

howler@^2.2.4:
  version "2.2.4"
  resolved "https://registry.npmjs.org/howler/-/howler-2.2.4.tgz"
  integrity sha512-iARIBPgcQrwtEr+tALF+rapJ8qSc+Set2GJQl7xT1MQzWaVkFebdJhR3alVlSiUf5U7nAANKuj3aWpwerocD5w==

immutable@^4.0.0:
  version "4.3.6"
  resolved "https://registry.npmjs.org/immutable/-/immutable-4.3.6.tgz"
  integrity sha512-Ju0+lEMyzMVZarkTn/gqRpdqd5dOPaz1mCZ0SH3JV6iFw81PldE/PEB1hWVEA288HPt4WXW8O7AWxB10M+03QQ==

is-binary-path@~2.1.0:
  version "2.1.0"
  resolved "https://registry.npmjs.org/is-binary-path/-/is-binary-path-2.1.0.tgz"
  integrity sha512-ZMERYes6pDydyuGidse7OsHxtbI7WVeUEozgR/g7rd0xUimYNlvZRE/K2MgZTjWy725IfelLeVcEM97mmtRGXw==
  dependencies:
    binary-extensions "^2.0.0"

is-extglob@^2.1.1:
  version "2.1.1"
  resolved "https://registry.npmjs.org/is-extglob/-/is-extglob-2.1.1.tgz"
  integrity sha512-SbKbANkN603Vi4jEZv49LeVJMn4yGwsbzZworEoyEiutsN3nJYdbO36zfhGJ6QEDpOZIFkDtnq5JRxmvl3jsoQ==

is-glob@^4.0.1, is-glob@~4.0.1:
  version "4.0.3"
  resolved "https://registry.npmjs.org/is-glob/-/is-glob-4.0.3.tgz"
  integrity sha512-xelSayHH36ZgE7ZWhli7pW34hNbNl8Ojv5KVmkJD4hBdD3th8Tfk9vYasLM+mXWOZhFkgZfxhLSnrwRr4elSSg==
  dependencies:
    is-extglob "^2.1.1"

is-number@^7.0.0:
  version "7.0.0"
  resolved "https://registry.npmjs.org/is-number/-/is-number-7.0.0.tgz"
  integrity sha512-41Cifkg6e8TylSpdtTpeLVMqvSBEVzTttHvERD741+pnZ8ANv0004MRL43QKPDlK9cGvNp6NZWZUBlbGXYxxng==

jenesius-vue-modal@^1.11.9:
  version "1.11.9"
  resolved "https://registry.npmjs.org/jenesius-vue-modal/-/jenesius-vue-modal-1.11.9.tgz"
  integrity sha512-OcxnRdpPQ7CY88kYmyKiE4SP3J0SclMPedo5F1ggQNzKowYs3/LkTJXxCJ+855toeDFdtP/S8xZ9YihDKjdzUw==
  dependencies:
    debug "^4.3.4"

magic-string@^0.30.10:
  version "0.30.10"
  resolved "https://registry.npmjs.org/magic-string/-/magic-string-0.30.10.tgz"
  integrity sha512-iIRwTIf0QKV3UAnYK4PU8uiEc4SRh5jX0mwpIwETPpHdhVM4f53RSwS/vXvN1JhGX+Cs7B8qIq3d6AH49O5fAQ==
  dependencies:
    "@jridgewell/sourcemap-codec" "^1.4.15"

mime-db@1.52.0:
  version "1.52.0"
  resolved "https://registry.npmjs.org/mime-db/-/mime-db-1.52.0.tgz"
  integrity sha512-sPU4uV7dYlvtWJxwwxHD0PuihVNiE7TyAbQ5SWxDCB9mUYvOgroQOwYQQOKPJ8CIbE+1ETVlOoK1UC2nU3gYvg==

mime-types@^2.1.12:
  version "2.1.35"
  resolved "https://registry.npmjs.org/mime-types/-/mime-types-2.1.35.tgz"
  integrity sha512-ZDY+bPm5zTTF+YpCrAU9nK0UgICYPT0QtT1NZWFv4s++TNkcgVaT0g6+4R2uI4MjQjzysHB1zxuWL50hzaeXiw==
  dependencies:
    mime-db "1.52.0"

ms@2.1.2:
  version "2.1.2"
  resolved "https://registry.npmjs.org/ms/-/ms-2.1.2.tgz"
  integrity sha512-sGkPx+VjMtmA6MX27oA4FBFELFCZZ4S4XqeGOXCv68tT+jb3vk/RyaKWP0PTKyWtmLSM0b+adUTEvbs1PEaH2w==

nanoid@^3.3.7:
  version "3.3.7"
  resolved "https://registry.npmjs.org/nanoid/-/nanoid-3.3.7.tgz"
  integrity sha512-eSRppjcPIatRIMC1U6UngP8XFcz8MQWGQdt1MTBQ7NaAmvXDfvNxbvWV3x2y6CdEUciCSsDHDQZbhYaB8QEo2g==

normalize-path@^3.0.0, normalize-path@~3.0.0:
  version "3.0.0"
  resolved "https://registry.npmjs.org/normalize-path/-/normalize-path-3.0.0.tgz"
  integrity sha512-6eZs5Ls3WtCisHWp9S2GUy8dqkpGi4BVSz3GaqiE6ezub0512ESztXUwUB6C6IKbQkY2Pnb/mD4WYojCRwcwLA==

picocolors@^1.0.1:
  version "1.0.1"
  resolved "https://registry.npmjs.org/picocolors/-/picocolors-1.0.1.tgz"
  integrity sha512-anP1Z8qwhkbmu7MFP5iTt+wQKXgwzf7zTyGlcdzabySa9vd0Xt392U0rVmz9poOaBj0uHJKyyo9/upk0HrEQew==

picomatch@^2.0.4, picomatch@^2.2.1:
  version "2.3.1"
  resolved "https://registry.npmjs.org/picomatch/-/picomatch-2.3.1.tgz"
  integrity sha512-JU3teHTNjmE2VCGFzuY8EXzCDVwEqB2a8fsIvwaStHhAWJEeVd1o1QD80CU6+ZdEXXSLbSsuLwJjkCBWqRQUVA==

pinia@^2.1.7:
  version "2.1.7"
  resolved "https://registry.npmjs.org/pinia/-/pinia-2.1.7.tgz"
  integrity sha512-+C2AHFtcFqjPih0zpYuvof37SFxMQ7OEG2zV9jRI12i9BOy3YQVAHwdKtyyc8pDcDyIc33WCIsZaCFWU7WWxGQ==
  dependencies:
    "@vue/devtools-api" "^6.5.0"
    vue-demi ">=0.14.5"

postcss@^8.4.39:
  version "8.4.39"
  resolved "https://registry.npmjs.org/postcss/-/postcss-8.4.39.tgz"
  integrity sha512-0vzE+lAiG7hZl1/9I8yzKLx3aR9Xbof3fBHKunvMfOCYAtMhrsnccJY2iTURb9EZd5+pLuiNV9/c/GZJOHsgIw==
  dependencies:
    nanoid "^3.3.7"
    picocolors "^1.0.1"
    source-map-js "^1.2.0"

proxy-from-env@^1.1.0:
  version "1.1.0"
  resolved "https://registry.npmjs.org/proxy-from-env/-/proxy-from-env-1.1.0.tgz"
  integrity sha512-D+zkORCbA9f1tdWRK0RaCR3GPv50cMxcrz4X8k5LTSUD1Dkw47mKJEZQNunItRTkWwgtaUSo1RVFRIG9ZXiFYg==

readdirp@~3.6.0:
  version "3.6.0"
  resolved "https://registry.npmjs.org/readdirp/-/readdirp-3.6.0.tgz"
  integrity sha512-hOS089on8RduqdbhvQ5Z37A0ESjsqz6qnRcffsMU3495FuTdqSm+7bhJ29JvIOsBDEEnan5DPu9t3To9VRlMzA==
  dependencies:
    picomatch "^2.2.1"

rollup@^4.13.0:
  version "4.18.1"
  resolved "https://registry.npmjs.org/rollup/-/rollup-4.18.1.tgz"
  integrity sha512-Elx2UT8lzxxOXMpy5HWQGZqkrQOtrVDDa/bm9l10+U4rQnVzbL/LgZ4NOM1MPIDyHk69W4InuYDF5dzRh4Kw1A==
  dependencies:
    "@types/estree" "1.0.5"
  optionalDependencies:
    "@rollup/rollup-android-arm-eabi" "4.18.1"
    "@rollup/rollup-android-arm64" "4.18.1"
    "@rollup/rollup-darwin-arm64" "4.18.1"
    "@rollup/rollup-darwin-x64" "4.18.1"
    "@rollup/rollup-linux-arm-gnueabihf" "4.18.1"
    "@rollup/rollup-linux-arm-musleabihf" "4.18.1"
    "@rollup/rollup-linux-arm64-gnu" "4.18.1"
    "@rollup/rollup-linux-arm64-musl" "4.18.1"
    "@rollup/rollup-linux-powerpc64le-gnu" "4.18.1"
    "@rollup/rollup-linux-riscv64-gnu" "4.18.1"
    "@rollup/rollup-linux-s390x-gnu" "4.18.1"
    "@rollup/rollup-linux-x64-gnu" "4.18.1"
    "@rollup/rollup-linux-x64-musl" "4.18.1"
    "@rollup/rollup-win32-arm64-msvc" "4.18.1"
    "@rollup/rollup-win32-ia32-msvc" "4.18.1"
    "@rollup/rollup-win32-x64-msvc" "4.18.1"
    fsevents "~2.3.2"

sass@*, sass@^1.77.8:
  version "1.77.8"
  resolved "https://registry.npmjs.org/sass/-/sass-1.77.8.tgz"
  integrity sha512-4UHg6prsrycW20fqLGPShtEvo/WyHRVRHwOP4DzkUrObWoWI05QBSfzU71TVB7PFaL104TwNaHpjlWXAZbQiNQ==
  dependencies:
    chokidar ">=3.0.0 <4.0.0"
    immutable "^4.0.0"
    source-map-js ">=0.6.2 <2.0.0"

source-map-js@^1.0.2, source-map-js@^1.2.0, "source-map-js@>=0.6.2 <2.0.0":
  version "1.2.0"
  resolved "https://registry.npmjs.org/source-map-js/-/source-map-js-1.2.0.tgz"
  integrity sha512-itJW8lvSA0TXEphiRoawsCksnlf8SyvmFzIhltqAHluXd88pkCd+cXJVHTDwdCr0IzwptSm035IHQktUu1QUMg==

to-regex-range@^5.0.1:
  version "5.0.1"
  resolved "https://registry.npmjs.org/to-regex-range/-/to-regex-range-5.0.1.tgz"
  integrity sha512-65P7iz6X5yEr1cwcgvQxbbIw7Uk3gOy5dIdtZ4rDveLqhrdJP+Li/Hx6tyK0NEb+2GCyneCMJiGqrADCSNk8sQ==
  dependencies:
    is-number "^7.0.0"

vite@^5.0.0, vite@^5.3.4:
  version "5.3.4"
  resolved "https://registry.npmjs.org/vite/-/vite-5.3.4.tgz"
  integrity sha512-Cw+7zL3ZG9/NZBB8C+8QbQZmR54GwqIz+WMI4b3JgdYJvX+ny9AjJXqkGQlDXSXRP9rP0B4tbciRMOVEKulVOA==
  dependencies:
    esbuild "^0.21.3"
    postcss "^8.4.39"
    rollup "^4.13.0"
  optionalDependencies:
    fsevents "~2.3.3"

vue-demi@>=0.14.5:
  version "0.14.10"
  resolved "https://registry.npmjs.org/vue-demi/-/vue-demi-0.14.10.tgz"
  integrity sha512-nMZBOwuzabUO0nLgIcc6rycZEebF6eeUfaiQx9+WSk8e29IbLvPU9feI6tqW4kTo3hvoYAJkMh8n8D0fuISphg==

vue-i18n@^9.13.1:
  version "9.13.1"
  resolved "https://registry.npmjs.org/vue-i18n/-/vue-i18n-9.13.1.tgz"
  integrity sha512-mh0GIxx0wPtPlcB1q4k277y0iKgo25xmDPWioVVYanjPufDBpvu5ySTjP5wOrSvlYQ2m1xI+CFhGdauv/61uQg==
  dependencies:
    "@intlify/core-base" "9.13.1"
    "@intlify/shared" "9.13.1"
    "@vue/devtools-api" "^6.5.0"

vue-router@^4.4.0:
  version "4.4.0"
  resolved "https://registry.npmjs.org/vue-router/-/vue-router-4.4.0.tgz"
  integrity sha512-HB+t2p611aIZraV2aPSRNXf0Z/oLZFrlygJm+sZbdJaW6lcFqEDQwnzUBXn+DApw+/QzDU/I9TeWx9izEjTmsA==
  dependencies:
    "@vue/devtools-api" "^6.5.1"

"vue@^2.6.14 || ^3.3.0", vue@^3.0.0, "vue@^3.0.0-0 || ^2.6.0", vue@^3.2.0, vue@^3.2.25, vue@^3.4.31, "vue@2.x || 3.x", vue@3.4.32:
  version "3.4.32"
  resolved "https://registry.npmjs.org/vue/-/vue-3.4.32.tgz"
  integrity sha512-9mCGIAi/CAq7GtaLLLp2J92pEic+HArstG+pq6F+H7+/jB9a0Z7576n4Bh4k79/50L1cKMIhZC3MC0iGpl+1IA==
  dependencies:
    "@vue/compiler-dom" "3.4.32"
    "@vue/compiler-sfc" "3.4.32"
    "@vue/runtime-dom" "3.4.32"
    "@vue/server-renderer" "3.4.32"
    "@vue/shared" "3.4.32"

vuejs-avataaars@^4.0.1:
  version "4.0.1"
  resolved "https://registry.npmjs.org/vuejs-avataaars/-/vuejs-avataaars-4.0.1.tgz"
  integrity sha512-XFpPtk1EJ8DRhJlLwEogCpOf7DMQdMjQgii2nJjZLLLaOqtOzSO4XCWklgwcd/xzjG2OGmuhvlIp3BoX5vZBMg==
